
Microsoft Visual Studio Solution File, Format Version 12.00
# Visual Studio Version 17
VisualStudioVersion = 17.11.35312.102
MinimumVisualStudioVersion = 10.0.40219.1
Project("{FAE04EC0-301F-11D3-BF4B-00C04F79EFBC}") = "dotnet-api-weatherapp", "dotnet-api-weatherapp\dotnet-api-weatherapp.csproj", "{5C622202-C6BC-498B-9179-B5BB918E124B}"
EndProject
Global
	GlobalSection(SolutionConfigurationPlatforms) = preSolution
		Debug|Any CPU = Debug|Any CPU
		Release|Any CPU = Release|Any CPU
	EndGlobalSection
	GlobalSection(ProjectConfigurationPlatforms) = postSolution
		{5C622202-C6BC-498B-9179-B5BB918E124B}.Debug|Any CPU.ActiveCfg = Debug|Any CPU
		{5C622202-C6BC-498B-9179-B5BB918E124B}.Debug|Any CPU.Build.0 = Debug|Any CPU
		{5C622202-C6BC-498B-9179-B5BB918E124B}.Release|Any CPU.ActiveCfg = Release|Any CPU
		{5C622202-C6BC-498B-9179-B5BB918E124B}.Release|Any CPU.Build.0 = Release|Any CPU
	EndGlobalSection
	GlobalSection(SolutionProperties) = preSolution
		HideSolutionNode = FALSE
	EndGlobalSection
	GlobalSection(ExtensibilityGlobals) = postSolution
		SolutionGuid = {95CC2ACF-F25B-4F86-9C54-095E0B0BAA35}
	EndGlobalSection
EndGlobal
